// !$*UTF8*$!
{
	archiveVersion = 1;
	classes = {
	};
	objectVersion = 46;
	objects = {

/* Begin PBXBuildFile section */
		915C7E291EC940660008F39E /* main.m in Sources */ = {isa = PBXBuildFile; fileRef = 915C7E281EC940660008F39E /* main.m */; };
		915C7E2C1EC940660008F39E /* AppDelegate.m in Sources */ = {isa = PBXBuildFile; fileRef = 915C7E2B1EC940660008F39E /* AppDelegate.m */; };
		915C7E2F1EC940660008F39E /* ViewController.m in Sources */ = {isa = PBXBuildFile; fileRef = 915C7E2E1EC940660008F39E /* ViewController.m */; };
		915C7E321EC940660008F39E /* Main.storyboard in Resources */ = {isa = PBXBuildFile; fileRef = 915C7E301EC940660008F39E /* Main.storyboard */; };
		915C7E341EC940660008F39E /* Assets.xcassets in Resources */ = {isa = PBXBuildFile; fileRef = 915C7E331EC940660008F39E /* Assets.xcassets */; };
		915C7E371EC940660008F39E /* LaunchScreen.storyboard in Resources */ = {isa = PBXBuildFile; fileRef = 915C7E351EC940660008F39E /* LaunchScreen.storyboard */; };
/* End PBXBuildFile section */

/* Begin PBXFileReference section */
		915C7E241EC940660008F39E /* 1.app */ = {isa = PBXFileReference; explicitFileType = wrapper.application; includeInIndex = 0; path = 1.app; sourceTree = BUILT_PRODUCTS_DIR; };
		915C7E281EC940660008F39E /* main.m */ = {isa = PBXFileReference; lastKnownFileType = sourcecode.c.objc; path = main.m; sourceTree = "<group>"; };
		915C7E2A1EC940660008F39E /* AppDelegate.h */ = {isa = PBXFileReference; lastKnownFileType = sourcecode.c.h; path = AppDelegate.h; sourceTree = "<group>"; };
		915C7E2B1EC940660008F39E /* AppDelegate.m */ = {isa = PBXFileReference; lastKnownFileType = sourcecode.c.objc; path = AppDelegate.m; sourceTree = "<group>"; };
		915C7E2D1EC940660008F39E /* ViewController.h */ = {isa = PBXFileReference; lastKnownFileType = sourcecode.c.h; path = ViewController.h; sourceTree = "<group>"; };
		915C7E2E1EC940660008F39E /* ViewController.m */ = {isa = PBXFileReference; lastKnownFileType = sourcecode.c.objc; path = ViewController.m; sourceTree = "<group>"; };
		915C7E311EC940660008F39E /* Base */ = {isa = PBXFileReference; lastKnownFileType = file.storyboard; name = Base; path = Base.lproj/Main.storyboard; sourceTree = "<group>"; };
		915C7E331EC940660008F39E /* Assets.xcassets */ = {isa = PBXFileReference; lastKnownFileType = folder.assetcatalog; path = Assets.xcassets; sourceTree = "<group>"; };
		915C7E361EC940660008F39E /* Base */ = {isa = PBXFileReference; lastKnownFileType = file.storyboard; name = Base; path = Base.lproj/LaunchScreen.storyboard; sourceTree = "<group>"; };
		915C7E381EC940660008F39E /* Info.plist */ = {isa = PBXFileReference; lastKnownFileType = text.plist.xml; path = Info.plist; sourceTree = "<group>"; };
/* End PBXFileReference section */

/* Begin PBXFrameworksBuildPhase section */
		915C7E211EC940660008F39E /* Frameworks */ = {
			isa = PBXFrameworksBuildPhase;
			buildActionMask = 2147483647;
			files = (
			);
			runOnlyForDeploymentPostprocessing = 0;
		};
/* End PBXFrameworksBuildPhase section */

/* Begin PBXGroup section */
		915C7E1B1EC940660008F39E = {
			isa = PBXGroup;
			children = (
				915C7E261EC940660008F39E /* 1 */,
				915C7E251EC940660008F39E /* Products */,
			);
			sourceTree = "<group>";
		};
		915C7E251EC940660008F39E /* Products */ = {
			isa = PBXGroup;
			children = (
				915C7E241EC940660008F39E /* 1.app */,
			);
			name = Products;
			sourceTree = "<group>";
		};
		915C7E261EC940660008F39E /* 1 */ = {
			isa = PBXGroup;
			children = (
				915C7E2A1EC940660008F39E /* AppDelegate.h */,
				915C7E2B1EC940660008F39E /* AppDelegate.m */,
				915C7E2D1EC940660008F39E /* ViewController.h */,
				915C7E2E1EC940660008F39E /* ViewController.m */,
				915C7E301EC940660008F39E /* Main.storyboard */,
				915C7E331EC940660008F39E /* Assets.xcassets */,
				915C7E351EC940660008F39E /* LaunchScreen.storyboard */,
				915C7E381EC940660008F39E /* Info.plist */,
				915C7E271EC940660008F39E /* Supporting Files */,
			);
			path = 1;
			sourceTree = "<group>";
		};
		915C7E271EC940660008F39E /* Supporting Files */ = {
			isa = PBXGroup;
			children = (
				915C7E281EC940660008F39E /* main.m */,
			);
			name = "Supporting Files";
			sourceTree = "<group>";
		};
/* End PBXGroup section */

/* Begin PBXNativeTarget section */
		915C7E231EC940660008F39E /* 1 */ = {
			isa = PBXNativeTarget;
			buildConfigurationList = 915C7E3B1EC940660008F39E /* Build configuration list for PBXNativeTarget "1" */;
			buildPhases = (
				915C7E201EC940660008F39E /* Sources */,
				915C7E211EC940660008F39E /* Frameworks */,
				915C7E221EC940660008F39E /* Resources */,
			);
			buildRules = (
			);
			dependencies = (
			);
			name = 1;
			productName = 1;
			productReference = 915C7E241EC940660008F39E /* 1.app */;
			productType = "com.apple.product-type.application";
		};
/* End PBXNativeTarget section */

/* Begin PBXProject section */
		915C7E1C1EC940660008F39E /* Project object */ = {
			isa = PBXProject;
			attributes = {
				LastUpgradeCheck = 0830;
				ORGANIZATIONNAME = shibiao;
				TargetAttributes = {
					915C7E231EC940660008F39E = {
						CreatedOnToolsVersion = 8.3.1;
						DevelopmentTeam = W547SRU75H;
						ProvisioningStyle = Automatic;
					};
				};
			};
			buildConfigurationList = 915C7E1F1EC940660008F39E /* Build configuration list for PBXProject "1" */;
			compatibilityVersion = "Xcode 3.2";
			developmentRegion = English;
			hasScannedForEncodings = 0;
			knownRegions = (
				en,
				Base,
			);
			mainGroup = 915C7E1B1EC940660008F39E;
			productRefGroup = 915C7E251EC940660008F39E /* Products */;
			projectDirPath = "";
			projectRoot = "";
			targets = (
				915C7E231EC940660008F39E /* 1 */,
			);
		};
/* End PBXProject section */

/* Begin PBXResourcesBuildPhase section */
		915C7E221EC940660008F39E /* Resources */ = {
			isa = PBXResourcesBuildPhase;
			buildActionMask = 2147483647;
			files = (
				915C7E371EC940660008F39E /* LaunchScreen.storyboard in Resources */,
				915C7E341EC940660008F39E /* Assets.xcassets in Resources */,
				915C7E321EC940660008F39E /* Main.storyboard in Resources */,
			);
			runOnlyForDeploymentPostprocessing = 0;
		};
/* End PBXResourcesBuildPhase section */

/* Begin PBXSourcesBuildPhase section */
		915C7E201EC940660008F39E /* Sources */ = {
			isa = PBXSourcesBuildPhase;
			buildActionMask = 2147483647;
			files = (
				915C7E2F1EC940660008F39E /* ViewController.m in Sources */,
				915C7E2C1EC940660008F39E /* AppDelegate.m in Sources */,
				915C7E291EC940660008F39E /* main.m in Sources */,
			);
			runOnlyForDeploymentPostprocessing = 0;
		};
/* End PBXSourcesBuildPhase section */

/* Begin PBXVariantGroup section */
		915C7E301EC940660008F39E /* Main.storyboard */ = {
			isa = PBXVariantGroup;
			children = (
				915C7E311EC940660008F39E /* Base */,
			);
			name = Main.storyboard;
			sourceTree = "<group>";
		};
		915C7E351EC940660008F39E /* LaunchScreen.storyboard */ = {
			isa = PBXVariantGroup;
			children = (
				915C7E361EC940660008F39E /* Base */,
			);
			name = LaunchScreen.storyboard;
			sourceTree = "<group>";
		};
/* End PBXVariantGroup section */

/* Begin XCBuildConfiguration section */
		915C7E391EC940660008F39E /* Debug */ = {
			isa = XCBuildConfiguration;
			buildSettings = {
				ALWAYS_SEARCH_USER_PATHS = NO;
				CLANG_ANALYZER_NONNULL = YES;
				CLANG_ANALYZER_NUMBER_OBJECT_CONVERSION = YES_AGGRESSIVE;
				CLANG_CXX_LANGUAGE_STANDARD = "gnu++0x";
				CLANG_CXX_LIBRARY = "libc++";
				CLANG_ENABLE_MODULES = YES;
				CLANG_ENABLE_OBJC_ARC = YES;
				CLANG_WARN_BOOL_CONVERSION = YES;
				CLANG_WARN_CONSTANT_CONVERSION = YES;
				CLANG_WARN_DIRECT_OBJC_ISA_USAGE = YES_ERROR;
				CLANG_WARN_DOCUMENTATION_COMMENTS = YES;
				CLANG_WARN_EMPTY_BODY = YES;
				CLANG_WARN_ENUM_CONVERSION = YES;
				CLANG_WARN_INFINITE_RECURSION = YES;
				CLANG_WARN_INT_CONVERSION = YES;
				CLANG_WARN_OBJC_ROOT_CLASS = YES_ERROR;
				CLANG_WARN_SUSPICIOUS_MOVE = YES;
				CLANG_WARN_UNREACHABLE_CODE = YES;
				CLANG_WARN__DUPLICATE_METHOD_MATCH = YES;
				"CODE_SIGN_IDENTITY[sdk=iphoneos*]" = "iPhone Developer";
				COPY_PHASE_STRIP = NO;
				DEBUG_INFORMATION_FORMAT = dwarf;
				ENABLE_STRICT_OBJC_MSGSEND = YES;
				ENABLE_TESTABILITY = YES;
				GCC_C_LANGUAGE_STANDARD = gnu99;
				GCC_DYNAMIC_NO_PIC = NO;
				GCC_NO_COMMON_BLOCKS = YES;
				GCC_OPTIMIZATION_LEVEL = 0;
				GCC_PREPROCESSOR_DEFINITIONS = (
					"DEBUG=1",
					"$(inherited)",
				);
				GCC_WARN_64_TO_32_BIT_CONVERSION = YES;
				GCC_WARN_ABOUT_RETURN_TYPE = YES_ERROR;
				GCC_WARN_UNDECLARED_SELECTOR = YES;
				GCC_WARN_UNINITIALIZED_AUTOS = YES_AGGRESSIVE;
				GCC_WARN_UNUSED_FUNCTION = YES;
				GCC_WARN_UNUSED_VARIABLE = YES;
				IPHONEOS_DEPLOYMENT_TARGET = 10.3;
				MTL_ENABLE_DEBUG_INFO = YES;
				ONLY_ACTIVE_ARCH = YES;
				SDKROOT = iphoneos;
				TARGETED_DEVICE_FAMILY = "1,2";
			};
			name = Debug;
		};
		915C7E3A1EC940660008F39E /* Release */ = {
			isa = XCBuildConfiguration;
			buildSettings = {
				ALWAYS_SEARCH_USER_PATHS = NO;
				CLANG_ANALYZER_NONNULL = YES;
				CLANG_ANALYZER_NUMBER_OBJECT_CONVERSION = YES_AGGRESSIVE;
				CLANG_CXX_LANGUAGE_STANDARD = "gnu++0x";
				CLANG_CXX_LIBRARY = "libc++";
				CLANG_ENABLE_MODULES = YES;
				CLANG_ENABLE_OBJC_ARC = YES;
				CLANG_WARN_BOOL_CONVERSION = YES;
				CLANG_WARN_CONSTANT_CONVERSION = YES;
				CLANG_WARN_DIRECT_OBJC_ISA_USAGE = YES_ERROR;
				CLANG_WARN_DOCUMENTATION_COMMENTS = YES;
				CLANG_WARN_EMPTY_BODY = YES;
				CLANG_WARN_ENUM_CONVERSION = YES;
				CLANG_WARN_INFINITE_RECURSION = YES;
				CLANG_WARN_INT_CONVERSION = YES;
				CLANG_WARN_OBJC_ROOT_CLASS = YES_ERROR;
				CLANG_WARN_SUSPICIOUS_MOVE = YES;
				CLANG_WARN_UNREACHABLE_CODE = YES;
				CLANG_WARN__DUPLICATE_METHOD_MATCH = YES;
				"CODE_SIGN_IDENTITY[sdk=iphoneos*]" = "iPhone Developer";
				COPY_PHASE_STRIP = NO;
				DEBUG_INFORMATION_FORMAT = "dwarf-with-dsym";
				ENABLE_NS_ASSERTIONS = NO;
				ENABLE_STRICT_OBJC_MSGSEND = YES;
				GCC_C_LANGUAGE_STANDARD = gnu99;
				GCC_NO_COMMON_BLOCKS = YES;
				GCC_WARN_64_TO_32_BIT_CONVERSION = YES;
				GCC_WARN_ABOUT_RETURN_TYPE = YES_ERROR;
				GCC_WARN_UNDECLARED_SELECTOR = YES;
				GCC_WARN_UNINITIALIZED_AUTOS = YES_AGGRESSIVE;
				GCC_WARN_UNUSED_FUNCTION = YES;
				GCC_WARN_UNUSED_VARIABLE = YES;
				IPHONEOS_DEPLOYMENT_TARGET = 10.3;
				MTL_ENABLE_DEBUG_INFO = NO;
				SDKROOT = iphoneos;
				TARGETED_DEVICE_FAMILY = "1,2";
				VALIDATE_PRODUCT = YES;
			};
			name = Release;
		};
		915C7E3C1EC940660008F39E /* Debug */ = {
			isa = XCBuildConfiguration;
			buildSettings = {
				ASSETCATALOG_COMPILER_APPICON_NAME = AppIcon;
				DEVELOPMENT_TEAM = W547SRU75H;
				INFOPLIST_FILE = 1/Info.plist;
				LD_RUNPATH_SEARCH_PATHS = "$(inherited) @executable_path/Frameworks";
				PRODUCT_BUNDLE_IDENTIFIER = "s.-";
				PRODUCT_NAME = "$(TARGET_NAME)";
			};
			name = Debug;
		};
		915C7E3D1EC940660008F39E /* Release */ = {
			isa = XCBuildConfiguration;
			buildSettings = {
				ASSETCATALOG_COMPILER_APPICON_NAME = AppIcon;
				DEVELOPMENT_TEAM = W547SRU75H;
				INFOPLIST_FILE = 1/Info.plist;
				LD_RUNPATH_SEARCH_PATHS = "$(inherited) @executable_path/Frameworks";
				PRODUCT_BUNDLE_IDENTIFIER = "s.-";
				PRODUCT_NAME = "$(TARGET_NAME)";
			};
			name = Release;
		};
/* End XCBuildConfiguration section */

/* Begin XCConfigurationList section */
		915C7E1F1EC940660008F39E /* Build configuration list for PBXProject "1" */ = {
			isa = XCConfigurationList;
			buildConfigurations = (
				915C7E391EC940660008F39E /* Debug */,
				915C7E3A1EC940660008F39E /* Release */,
			);
			defaultConfigurationIsVisible = 0;
			defaultConfigurationName = Release;
		};
		915C7E3B1EC940660008F39E /* Build configuration list for PBXNativeTarget "1" */ = {
			isa = XCConfigurationList;
			buildConfigurations = (
				915C7E3C1EC940660008F39E /* Debug */,
				915C7E3D1EC940660008F39E /* Release */,
			);
			defaultConfigurationIsVisible = 0;
		};
/* End XCConfigurationList section */
	};
	rootObject = 915C7E1C1EC940660008F39E /* Project object */;
}
